
Microsoft Visual Studio Solution File, Format Version 12.00
# Visual Studio 14
VisualStudioVersion = 14.0.24720.0
MinimumVisualStudioVersion = 10.0.40219.1
Project("{2150E333-8FDC-42A3-9474-1A3956D46DE8}") = "nuget", "nuget", "{B5AEA046-0E87-4A7B-8F11-80B6BDDA1F2A}"
EndProject
Project("{FAE04EC0-301F-11D3-BF4B-00C04F79EFBC}") = "CrossPlatformLibrary.Settings.NuGet", "CrossPlatformLibrary.Settings.NuGet\CrossPlatformLibrary.Settings.NuGet.csproj", "{2CF5E868-1098-4C6D-9001-27D8DC0D87BE}"
	ProjectSection(ProjectDependencies) = postProject
		{D7F3AA16-8EF1-4924-9E0A-DAD4AB46B2EB} = {D7F3AA16-8EF1-4924-9E0A-DAD4AB46B2EB}
		{56A56F17-7DE1-4CA1-9617-BF32E971AC84} = {56A56F17-7DE1-4CA1-9617-BF32E971AC84}
		{7169373F-0B82-4E5D-9129-7CC3065B90FA} = {7169373F-0B82-4E5D-9129-7CC3065B90FA}
		{A6FCEF44-D2BA-42C7-B3CB-13667BCD7B54} = {A6FCEF44-D2BA-42C7-B3CB-13667BCD7B54}
		{5876144B-47DD-4C4E-B421-BC03F191B996} = {5876144B-47DD-4C4E-B421-BC03F191B996}
		{ED9A4CA1-C04C-457D-9A2E-7995CCF12356} = {ED9A4CA1-C04C-457D-9A2E-7995CCF12356}
		{2882AEEB-D4CD-4EB9-8A6C-6653B33681F0} = {2882AEEB-D4CD-4EB9-8A6C-6653B33681F0}
	EndProjectSection
EndProject
Project("{FAE04EC0-301F-11D3-BF4B-00C04F79EFBC}") = "CrossPlatformLibrary.Settings.Android", "CrossPlatformLibrary.Settings.Android\CrossPlatformLibrary.Settings.Android.csproj", "{56A56F17-7DE1-4CA1-9617-BF32E971AC84}"
EndProject
Project("{FAE04EC0-301F-11D3-BF4B-00C04F79EFBC}") = "CrossPlatformLibrary.Settings.iOS", "CrossPlatformLibrary.Settings.iOS\CrossPlatformLibrary.Settings.iOS.csproj", "{D7F3AA16-8EF1-4924-9E0A-DAD4AB46B2EB}"
EndProject
Project("{FAE04EC0-301F-11D3-BF4B-00C04F79EFBC}") = "CrossPlatformLibrary.Settings.iOSUnified", "CrossPlatformLibrary.Settings.iOSUnified\CrossPlatformLibrary.Settings.iOSUnified.csproj", "{2882AEEB-D4CD-4EB9-8A6C-6653B33681F0}"
EndProject
Project("{FAE04EC0-301F-11D3-BF4B-00C04F79EFBC}") = "CrossPlatformLibrary.Settings.WindowsPhone8", "CrossPlatformLibrary.Settings.WindowsPhone8\CrossPlatformLibrary.Settings.WindowsPhone8.csproj", "{5876144B-47DD-4C4E-B421-BC03F191B996}"
EndProject
Project("{FAE04EC0-301F-11D3-BF4B-00C04F79EFBC}") = "CrossPlatformLibrary.Settings.WindowsPhone81", "CrossPlatformLibrary.Settings.WindowsPhone81\CrossPlatformLibrary.Settings.WindowsPhone81.csproj", "{7169373F-0B82-4E5D-9129-7CC3065B90FA}"
EndProject
Project("{FAE04EC0-301F-11D3-BF4B-00C04F79EFBC}") = "CrossPlatformLibrary.Settings.WindowsStore", "CrossPlatformLibrary.Settings.WindowsStore\CrossPlatformLibrary.Settings.WindowsStore.csproj", "{ED9A4CA1-C04C-457D-9A2E-7995CCF12356}"
EndProject
Project("{FAE04EC0-301F-11D3-BF4B-00C04F79EFBC}") = "CrossPlatformLibrary.Settings", "CrossPlatformLibrary.Settings\CrossPlatformLibrary.Settings.csproj", "{A6FCEF44-D2BA-42C7-B3CB-13667BCD7B54}"
EndProject
Project("{2150E333-8FDC-42A3-9474-1A3956D46DE8}") = "Samples", "Samples", "{38C5B814-36C7-4DE2-AD3E-C3085A8A1C9F}"
EndProject
Project("{FAE04EC0-301F-11D3-BF4B-00C04F79EFBC}") = "SettingsSample", "Samples\SettingsSample\SettingsSample\SettingsSample.csproj", "{71C449AB-FA2A-4254-B52F-A5EF5F43B813}"
EndProject
Project("{FAE04EC0-301F-11D3-BF4B-00C04F79EFBC}") = "SettingsSample.iOS", "Samples\SettingsSample\SettingsSample.iOS\SettingsSample.iOS.csproj", "{35B259A8-6FF3-4A82-A94E-D54B5B510E4B}"
EndProject
Project("{FAE04EC0-301F-11D3-BF4B-00C04F79EFBC}") = "SettingsSample.Android", "Samples\SettingsSample\SettingsSample.Droid\SettingsSample.Android.csproj", "{187F656E-1ED2-460F-BC2E-E430542AEF71}"
EndProject
Project("{2150E333-8FDC-42A3-9474-1A3956D46DE8}") = "Tests", "Tests", "{604C015D-F511-4589-89B1-D9CB6C09F074}"
EndProject
Project("{FAE04EC0-301F-11D3-BF4B-00C04F79EFBC}") = "SettingsSample.WindowsPhone81", "Samples\SettingsSample\SettingsSample.WindowsPhone81\SettingsSample.WindowsPhone81.csproj", "{FED1B577-83E9-446C-9EA8-8FD27404317F}"
EndProject
Project("{FAE04EC0-301F-11D3-BF4B-00C04F79EFBC}") = "UnitTests", "Tests\CrossPlatformLibrary.Settings.Tests\UnitTests.csproj", "{33ABCB90-E021-4257-82D2-F030462C749C}"
EndProject
Project("{FAE04EC0-301F-11D3-BF4B-00C04F79EFBC}") = "IntegrationTests", "Tests\CrossPlatformLibrary.Settings.IntegrationTests\IntegrationTests.csproj", "{10332C36-D054-41CA-8997-DA71A8CBC867}"
EndProject
Project("{FAE04EC0-301F-11D3-BF4B-00C04F79EFBC}") = "IntegrationTests.WindowsPhone8", "Tests\IntegrationTests.WindowsPhone8\IntegrationTests.WindowsPhone8.csproj", "{B5E1BBA9-1D29-403F-81E7-BA64D2CF2080}"
EndProject
Project("{FAE04EC0-301F-11D3-BF4B-00C04F79EFBC}") = "IntegrationTests.Android", "Tests\IntegrationTests.Android\IntegrationTests.Android.csproj", "{77F656B7-B3AD-4D58-8B0E-5A27B264EF0B}"
EndProject
Project("{FAE04EC0-301F-11D3-BF4B-00C04F79EFBC}") = "IntegrationTests.WindowsStore", "Tests\IntegrationTests.WindowsStore\IntegrationTests.WindowsStore.csproj", "{95333CBF-4204-4C44-8BC9-E1BBC048ABE3}"
EndProject
Project("{FAE04EC0-301F-11D3-BF4B-00C04F79EFBC}") = "CrossPlatformLibrary.Settings.UWP", "CrossPlatformLibrary.Settings.UWP\CrossPlatformLibrary.Settings.UWP.csproj", "{D65F5075-F383-44AB-B383-4DAE4550C0F3}"
EndProject
Project("{FAE04EC0-301F-11D3-BF4B-00C04F79EFBC}") = "SettingsSample.UWP", "Samples\SettingsSample.UWP\SettingsSample.UWP.csproj", "{5B52255E-6A08-48E6-B671-36DBBB759404}"
EndProject
Project("{FAE04EC0-301F-11D3-BF4B-00C04F79EFBC}") = "CrossPlatformLibrary.Settings.Netfx", "CrossPlatformLibrary.Settings.Netfx\CrossPlatformLibrary.Settings.Netfx.csproj", "{BBA4D7D7-7E41-4796-BC70-DDC13CFCFBC6}"
EndProject
Project("{FAE04EC0-301F-11D3-BF4B-00C04F79EFBC}") = "SettingsSample.WPF", "Samples\SettingsSample.WPF\SettingsSample.WPF.csproj", "{2E1DC8D2-BFD0-41DE-A24A-78098EFBACD5}"
EndProject
Project("{FAE04EC0-301F-11D3-BF4B-00C04F79EFBC}") = "IntegrationTests.Netfx", "Tests\IntegrationTests.Netfx\IntegrationTests.Netfx.csproj", "{95AA5515-F032-4C00-97BB-A2CC9F916EE3}"
EndProject
Global
	GlobalSection(SolutionConfigurationPlatforms) = preSolution
		Debug|Any CPU = Debug|Any CPU
		Debug|ARM = Debug|ARM
		Debug|iPhone = Debug|iPhone
		Debug|iPhoneSimulator = Debug|iPhoneSimulator
		Debug|x64 = Debug|x64
		Debug|x86 = Debug|x86
		Release|Any CPU = Release|Any CPU
		Release|ARM = Release|ARM
		Release|iPhone = Release|iPhone
		Release|iPhoneSimulator = Release|iPhoneSimulator
		Release|x64 = Release|x64
		Release|x86 = Release|x86
	EndGlobalSection
	GlobalSection(ProjectConfigurationPlatforms) = postSolution
		{2CF5E868-1098-4C6D-9001-27D8DC0D87BE}.Debug|Any CPU.ActiveCfg = Debug|Any CPU
		{2CF5E868-1098-4C6D-9001-27D8DC0D87BE}.Debug|ARM.ActiveCfg = Debug|Any CPU
		{2CF5E868-1098-4C6D-9001-27D8DC0D87BE}.Debug|iPhone.ActiveCfg = Debug|Any CPU
		{2CF5E868-1098-4C6D-9001-27D8DC0D87BE}.Debug|iPhoneSimulator.ActiveCfg = Debug|Any CPU
		{2CF5E868-1098-4C6D-9001-27D8DC0D87BE}.Debug|x64.ActiveCfg = Debug|Any CPU
		{2CF5E868-1098-4C6D-9001-27D8DC0D87BE}.Debug|x86.ActiveCfg = Debug|Any CPU
		{2CF5E868-1098-4C6D-9001-27D8DC0D87BE}.Release|Any CPU.ActiveCfg = Release|Any CPU
		{2CF5E868-1098-4C6D-9001-27D8DC0D87BE}.Release|Any CPU.Build.0 = Release|Any CPU
		{2CF5E868-1098-4C6D-9001-27D8DC0D87BE}.Release|ARM.ActiveCfg = Release|Any CPU
		{2CF5E868-1098-4C6D-9001-27D8DC0D87BE}.Release|iPhone.ActiveCfg = Release|Any CPU
		{2CF5E868-1098-4C6D-9001-27D8DC0D87BE}.Release|iPhoneSimulator.ActiveCfg = Release|Any CPU
		{2CF5E868-1098-4C6D-9001-27D8DC0D87BE}.Release|x64.ActiveCfg = Release|Any CPU
		{2CF5E868-1098-4C6D-9001-27D8DC0D87BE}.Release|x86.ActiveCfg = Release|Any CPU
		{56A56F17-7DE1-4CA1-9617-BF32E971AC84}.Debug|Any CPU.ActiveCfg = Debug|Any CPU
		{56A56F17-7DE1-4CA1-9617-BF32E971AC84}.Debug|Any CPU.Build.0 = Debug|Any CPU
		{56A56F17-7DE1-4CA1-9617-BF32E971AC84}.Debug|ARM.ActiveCfg = Debug|Any CPU
		{56A56F17-7DE1-4CA1-9617-BF32E971AC84}.Debug|iPhone.ActiveCfg = Debug|Any CPU
		{56A56F17-7DE1-4CA1-9617-BF32E971AC84}.Debug|iPhoneSimulator.ActiveCfg = Debug|Any CPU
		{56A56F17-7DE1-4CA1-9617-BF32E971AC84}.Debug|x64.ActiveCfg = Debug|Any CPU
		{56A56F17-7DE1-4CA1-9617-BF32E971AC84}.Debug|x86.ActiveCfg = Debug|Any CPU
		{56A56F17-7DE1-4CA1-9617-BF32E971AC84}.Release|Any CPU.ActiveCfg = Release|Any CPU
		{56A56F17-7DE1-4CA1-9617-BF32E971AC84}.Release|Any CPU.Build.0 = Release|Any CPU
		{56A56F17-7DE1-4CA1-9617-BF32E971AC84}.Release|ARM.ActiveCfg = Release|Any CPU
		{56A56F17-7DE1-4CA1-9617-BF32E971AC84}.Release|iPhone.ActiveCfg = Release|Any CPU
		{56A56F17-7DE1-4CA1-9617-BF32E971AC84}.Release|iPhoneSimulator.ActiveCfg = Release|Any CPU
		{56A56F17-7DE1-4CA1-9617-BF32E971AC84}.Release|x64.ActiveCfg = Release|Any CPU
		{56A56F17-7DE1-4CA1-9617-BF32E971AC84}.Release|x86.ActiveCfg = Release|Any CPU
		{D7F3AA16-8EF1-4924-9E0A-DAD4AB46B2EB}.Debug|Any CPU.ActiveCfg = Debug|Any CPU
		{D7F3AA16-8EF1-4924-9E0A-DAD4AB46B2EB}.Debug|Any CPU.Build.0 = Debug|Any CPU
		{D7F3AA16-8EF1-4924-9E0A-DAD4AB46B2EB}.Debug|ARM.ActiveCfg = Debug|Any CPU
		{D7F3AA16-8EF1-4924-9E0A-DAD4AB46B2EB}.Debug|iPhone.ActiveCfg = Debug|Any CPU
		{D7F3AA16-8EF1-4924-9E0A-DAD4AB46B2EB}.Debug|iPhoneSimulator.ActiveCfg = Debug|Any CPU
		{D7F3AA16-8EF1-4924-9E0A-DAD4AB46B2EB}.Debug|x64.ActiveCfg = Debug|Any CPU
		{D7F3AA16-8EF1-4924-9E0A-DAD4AB46B2EB}.Debug|x86.ActiveCfg = Debug|Any CPU
		{D7F3AA16-8EF1-4924-9E0A-DAD4AB46B2EB}.Release|Any CPU.ActiveCfg = Release|Any CPU
		{D7F3AA16-8EF1-4924-9E0A-DAD4AB46B2EB}.Release|Any CPU.Build.0 = Release|Any CPU
		{D7F3AA16-8EF1-4924-9E0A-DAD4AB46B2EB}.Release|ARM.ActiveCfg = Release|Any CPU
		{D7F3AA16-8EF1-4924-9E0A-DAD4AB46B2EB}.Release|iPhone.ActiveCfg = Release|Any CPU
		{D7F3AA16-8EF1-4924-9E0A-DAD4AB46B2EB}.Release|iPhoneSimulator.ActiveCfg = Release|Any CPU
		{D7F3AA16-8EF1-4924-9E0A-DAD4AB46B2EB}.Release|x64.ActiveCfg = Release|Any CPU
		{D7F3AA16-8EF1-4924-9E0A-DAD4AB46B2EB}.Release|x86.ActiveCfg = Release|Any CPU
		{2882AEEB-D4CD-4EB9-8A6C-6653B33681F0}.Debug|Any CPU.ActiveCfg = Debug|Any CPU
		{2882AEEB-D4CD-4EB9-8A6C-6653B33681F0}.Debug|Any CPU.Build.0 = Debug|Any CPU
		{2882AEEB-D4CD-4EB9-8A6C-6653B33681F0}.Debug|ARM.ActiveCfg = Debug|Any CPU
		{2882AEEB-D4CD-4EB9-8A6C-6653B33681F0}.Debug|iPhone.ActiveCfg = Debug|Any CPU
		{2882AEEB-D4CD-4EB9-8A6C-6653B33681F0}.Debug|iPhoneSimulator.ActiveCfg = Debug|Any CPU
		{2882AEEB-D4CD-4EB9-8A6C-6653B33681F0}.Debug|x64.ActiveCfg = Debug|Any CPU
		{2882AEEB-D4CD-4EB9-8A6C-6653B33681F0}.Debug|x86.ActiveCfg = Debug|Any CPU
		{2882AEEB-D4CD-4EB9-8A6C-6653B33681F0}.Release|Any CPU.ActiveCfg = Release|Any CPU
		{2882AEEB-D4CD-4EB9-8A6C-6653B33681F0}.Release|Any CPU.Build.0 = Release|Any CPU
		{2882AEEB-D4CD-4EB9-8A6C-6653B33681F0}.Release|ARM.ActiveCfg = Release|Any CPU
		{2882AEEB-D4CD-4EB9-8A6C-6653B33681F0}.Release|iPhone.ActiveCfg = Release|Any CPU
		{2882AEEB-D4CD-4EB9-8A6C-6653B33681F0}.Release|iPhoneSimulator.ActiveCfg = Release|Any CPU
		{2882AEEB-D4CD-4EB9-8A6C-6653B33681F0}.Release|x64.ActiveCfg = Release|Any CPU
		{2882AEEB-D4CD-4EB9-8A6C-6653B33681F0}.Release|x86.ActiveCfg = Release|Any CPU
		{5876144B-47DD-4C4E-B421-BC03F191B996}.Debug|Any CPU.ActiveCfg = Debug|Any CPU
		{5876144B-47DD-4C4E-B421-BC03F191B996}.Debug|Any CPU.Build.0 = Debug|Any CPU
		{5876144B-47DD-4C4E-B421-BC03F191B996}.Debug|ARM.ActiveCfg = Debug|ARM
		{5876144B-47DD-4C4E-B421-BC03F191B996}.Debug|ARM.Build.0 = Debug|ARM
		{5876144B-47DD-4C4E-B421-BC03F191B996}.Debug|iPhone.ActiveCfg = Debug|Any CPU
		{5876144B-47DD-4C4E-B421-BC03F191B996}.Debug|iPhoneSimulator.ActiveCfg = Debug|Any CPU
		{5876144B-47DD-4C4E-B421-BC03F191B996}.Debug|x64.ActiveCfg = Debug|Any CPU
		{5876144B-47DD-4C4E-B421-BC03F191B996}.Debug|x86.ActiveCfg = Debug|x86
		{5876144B-47DD-4C4E-B421-BC03F191B996}.Debug|x86.Build.0 = Debug|x86
		{5876144B-47DD-4C4E-B421-BC03F191B996}.Release|Any CPU.ActiveCfg = Release|Any CPU
		{5876144B-47DD-4C4E-B421-BC03F191B996}.Release|Any CPU.Build.0 = Release|Any CPU
		{5876144B-47DD-4C4E-B421-BC03F191B996}.Release|ARM.ActiveCfg = Release|ARM
		{5876144B-47DD-4C4E-B421-BC03F191B996}.Release|ARM.Build.0 = Release|ARM
		{5876144B-47DD-4C4E-B421-BC03F191B996}.Release|iPhone.ActiveCfg = Release|Any CPU
		{5876144B-47DD-4C4E-B421-BC03F191B996}.Release|iPhoneSimulator.ActiveCfg = Release|Any CPU
		{5876144B-47DD-4C4E-B421-BC03F191B996}.Release|x64.ActiveCfg = Release|Any CPU
		{5876144B-47DD-4C4E-B421-BC03F191B996}.Release|x86.ActiveCfg = Release|x86
		{5876144B-47DD-4C4E-B421-BC03F191B996}.Release|x86.Build.0 = Release|x86
		{7169373F-0B82-4E5D-9129-7CC3065B90FA}.Debug|Any CPU.ActiveCfg = Debug|Any CPU
		{7169373F-0B82-4E5D-9129-7CC3065B90FA}.Debug|Any CPU.Build.0 = Debug|Any CPU
		{7169373F-0B82-4E5D-9129-7CC3065B90FA}.Debug|ARM.ActiveCfg = Debug|ARM
		{7169373F-0B82-4E5D-9129-7CC3065B90FA}.Debug|ARM.Build.0 = Debug|ARM
		{7169373F-0B82-4E5D-9129-7CC3065B90FA}.Debug|iPhone.ActiveCfg = Debug|Any CPU
		{7169373F-0B82-4E5D-9129-7CC3065B90FA}.Debug|iPhoneSimulator.ActiveCfg = Debug|Any CPU
		{7169373F-0B82-4E5D-9129-7CC3065B90FA}.Debug|x64.ActiveCfg = Debug|Any CPU
		{7169373F-0B82-4E5D-9129-7CC3065B90FA}.Debug|x86.ActiveCfg = Debug|x86
		{7169373F-0B82-4E5D-9129-7CC3065B90FA}.Debug|x86.Build.0 = Debug|x86
		{7169373F-0B82-4E5D-9129-7CC3065B90FA}.Release|Any CPU.ActiveCfg = Release|Any CPU
		{7169373F-0B82-4E5D-9129-7CC3065B90FA}.Release|Any CPU.Build.0 = Release|Any CPU
		{7169373F-0B82-4E5D-9129-7CC3065B90FA}.Release|ARM.ActiveCfg = Release|ARM
		{7169373F-0B82-4E5D-9129-7CC3065B90FA}.Release|ARM.Build.0 = Release|ARM
		{7169373F-0B82-4E5D-9129-7CC3065B90FA}.Release|iPhone.ActiveCfg = Release|Any CPU
		{7169373F-0B82-4E5D-9129-7CC3065B90FA}.Release|iPhoneSimulator.ActiveCfg = Release|Any CPU
		{7169373F-0B82-4E5D-9129-7CC3065B90FA}.Release|x64.ActiveCfg = Release|Any CPU
		{7169373F-0B82-4E5D-9129-7CC3065B90FA}.Release|x86.ActiveCfg = Release|x86
		{7169373F-0B82-4E5D-9129-7CC3065B90FA}.Release|x86.Build.0 = Release|x86
		{ED9A4CA1-C04C-457D-9A2E-7995CCF12356}.Debug|Any CPU.ActiveCfg = Debug|Any CPU
		{ED9A4CA1-C04C-457D-9A2E-7995CCF12356}.Debug|Any CPU.Build.0 = Debug|Any CPU
		{ED9A4CA1-C04C-457D-9A2E-7995CCF12356}.Debug|ARM.ActiveCfg = Debug|ARM
		{ED9A4CA1-C04C-457D-9A2E-7995CCF12356}.Debug|ARM.Build.0 = Debug|ARM
		{ED9A4CA1-C04C-457D-9A2E-7995CCF12356}.Debug|iPhone.ActiveCfg = Debug|Any CPU
		{ED9A4CA1-C04C-457D-9A2E-7995CCF12356}.Debug|iPhoneSimulator.ActiveCfg = Debug|Any CPU
		{ED9A4CA1-C04C-457D-9A2E-7995CCF12356}.Debug|x64.ActiveCfg = Debug|x64
		{ED9A4CA1-C04C-457D-9A2E-7995CCF12356}.Debug|x64.Build.0 = Debug|x64
		{ED9A4CA1-C04C-457D-9A2E-7995CCF12356}.Debug|x86.ActiveCfg = Debug|x86
		{ED9A4CA1-C04C-457D-9A2E-7995CCF12356}.Debug|x86.Build.0 = Debug|x86
		{ED9A4CA1-C04C-457D-9A2E-7995CCF12356}.Release|Any CPU.ActiveCfg = Release|Any CPU
		{ED9A4CA1-C04C-457D-9A2E-7995CCF12356}.Release|Any CPU.Build.0 = Release|Any CPU
		{ED9A4CA1-C04C-457D-9A2E-7995CCF12356}.Release|ARM.ActiveCfg = Release|ARM
		{ED9A4CA1-C04C-457D-9A2E-7995CCF12356}.Release|ARM.Build.0 = Release|ARM
		{ED9A4CA1-C04C-457D-9A2E-7995CCF12356}.Release|iPhone.ActiveCfg = Release|Any CPU
		{ED9A4CA1-C04C-457D-9A2E-7995CCF12356}.Release|iPhoneSimulator.ActiveCfg = Release|Any CPU
		{ED9A4CA1-C04C-457D-9A2E-7995CCF12356}.Release|x64.ActiveCfg = Release|x64
		{ED9A4CA1-C04C-457D-9A2E-7995CCF12356}.Release|x64.Build.0 = Release|x64
		{ED9A4CA1-C04C-457D-9A2E-7995CCF12356}.Release|x86.ActiveCfg = Release|x86
		{ED9A4CA1-C04C-457D-9A2E-7995CCF12356}.Release|x86.Build.0 = Release|x86
		{A6FCEF44-D2BA-42C7-B3CB-13667BCD7B54}.Debug|Any CPU.ActiveCfg = Debug|Any CPU
		{A6FCEF44-D2BA-42C7-B3CB-13667BCD7B54}.Debug|Any CPU.Build.0 = Debug|Any CPU
		{A6FCEF44-D2BA-42C7-B3CB-13667BCD7B54}.Debug|ARM.ActiveCfg = Debug|Any CPU
		{A6FCEF44-D2BA-42C7-B3CB-13667BCD7B54}.Debug|iPhone.ActiveCfg = Debug|Any CPU
		{A6FCEF44-D2BA-42C7-B3CB-13667BCD7B54}.Debug|iPhoneSimulator.ActiveCfg = Debug|Any CPU
		{A6FCEF44-D2BA-42C7-B3CB-13667BCD7B54}.Debug|x64.ActiveCfg = Debug|Any CPU
		{A6FCEF44-D2BA-42C7-B3CB-13667BCD7B54}.Debug|x86.ActiveCfg = Debug|Any CPU
		{A6FCEF44-D2BA-42C7-B3CB-13667BCD7B54}.Release|Any CPU.ActiveCfg = Release|Any CPU
		{A6FCEF44-D2BA-42C7-B3CB-13667BCD7B54}.Release|Any CPU.Build.0 = Release|Any CPU
		{A6FCEF44-D2BA-42C7-B3CB-13667BCD7B54}.Release|ARM.ActiveCfg = Release|Any CPU
		{A6FCEF44-D2BA-42C7-B3CB-13667BCD7B54}.Release|iPhone.ActiveCfg = Release|Any CPU
		{A6FCEF44-D2BA-42C7-B3CB-13667BCD7B54}.Release|iPhoneSimulator.ActiveCfg = Release|Any CPU
		{A6FCEF44-D2BA-42C7-B3CB-13667BCD7B54}.Release|x64.ActiveCfg = Release|Any CPU
		{A6FCEF44-D2BA-42C7-B3CB-13667BCD7B54}.Release|x86.ActiveCfg = Release|Any CPU
		{71C449AB-FA2A-4254-B52F-A5EF5F43B813}.Debug|Any CPU.ActiveCfg = Debug|Any CPU
		{71C449AB-FA2A-4254-B52F-A5EF5F43B813}.Debug|Any CPU.Build.0 = Debug|Any CPU
		{71C449AB-FA2A-4254-B52F-A5EF5F43B813}.Debug|ARM.ActiveCfg = Debug|Any CPU
		{71C449AB-FA2A-4254-B52F-A5EF5F43B813}.Debug|iPhone.ActiveCfg = Debug|Any CPU
		{71C449AB-FA2A-4254-B52F-A5EF5F43B813}.Debug|iPhoneSimulator.ActiveCfg = Debug|Any CPU
		{71C449AB-FA2A-4254-B52F-A5EF5F43B813}.Debug|x64.ActiveCfg = Debug|Any CPU
		{71C449AB-FA2A-4254-B52F-A5EF5F43B813}.Debug|x86.ActiveCfg = Debug|Any CPU
		{71C449AB-FA2A-4254-B52F-A5EF5F43B813}.Release|Any CPU.ActiveCfg = Release|Any CPU
		{71C449AB-FA2A-4254-B52F-A5EF5F43B813}.Release|Any CPU.Build.0 = Release|Any CPU
		{71C449AB-FA2A-4254-B52F-A5EF5F43B813}.Release|ARM.ActiveCfg = Release|Any CPU
		{71C449AB-FA2A-4254-B52F-A5EF5F43B813}.Release|iPhone.ActiveCfg = Release|Any CPU
		{71C449AB-FA2A-4254-B52F-A5EF5F43B813}.Release|iPhoneSimulator.ActiveCfg = Release|Any CPU
		{71C449AB-FA2A-4254-B52F-A5EF5F43B813}.Release|x64.ActiveCfg = Release|Any CPU
		{71C449AB-FA2A-4254-B52F-A5EF5F43B813}.Release|x86.ActiveCfg = Release|Any CPU
		{35B259A8-6FF3-4A82-A94E-D54B5B510E4B}.Debug|Any CPU.ActiveCfg = Debug|iPhone
		{35B259A8-6FF3-4A82-A94E-D54B5B510E4B}.Debug|ARM.ActiveCfg = Debug|iPhone
		{35B259A8-6FF3-4A82-A94E-D54B5B510E4B}.Debug|iPhone.ActiveCfg = Debug|iPhone
		{35B259A8-6FF3-4A82-A94E-D54B5B510E4B}.Debug|iPhone.Build.0 = Debug|iPhone
		{35B259A8-6FF3-4A82-A94E-D54B5B510E4B}.Debug|iPhoneSimulator.ActiveCfg = Debug|iPhoneSimulator
		{35B259A8-6FF3-4A82-A94E-D54B5B510E4B}.Debug|iPhoneSimulator.Build.0 = Debug|iPhoneSimulator
		{35B259A8-6FF3-4A82-A94E-D54B5B510E4B}.Debug|x64.ActiveCfg = Debug|iPhone
		{35B259A8-6FF3-4A82-A94E-D54B5B510E4B}.Debug|x86.ActiveCfg = Debug|iPhone
		{35B259A8-6FF3-4A82-A94E-D54B5B510E4B}.Release|Any CPU.ActiveCfg = Release|iPhone
		{35B259A8-6FF3-4A82-A94E-D54B5B510E4B}.Release|Any CPU.Build.0 = Release|iPhone
		{35B259A8-6FF3-4A82-A94E-D54B5B510E4B}.Release|ARM.ActiveCfg = Release|iPhone
		{35B259A8-6FF3-4A82-A94E-D54B5B510E4B}.Release|iPhone.ActiveCfg = Release|iPhone
		{35B259A8-6FF3-4A82-A94E-D54B5B510E4B}.Release|iPhone.Build.0 = Release|iPhone
		{35B259A8-6FF3-4A82-A94E-D54B5B510E4B}.Release|iPhoneSimulator.ActiveCfg = Release|iPhoneSimulator
		{35B259A8-6FF3-4A82-A94E-D54B5B510E4B}.Release|iPhoneSimulator.Build.0 = Release|iPhoneSimulator
		{35B259A8-6FF3-4A82-A94E-D54B5B510E4B}.Release|x64.ActiveCfg = Release|iPhone
		{35B259A8-6FF3-4A82-A94E-D54B5B510E4B}.Release|x86.ActiveCfg = Release|iPhone
		{187F656E-1ED2-460F-BC2E-E430542AEF71}.Debug|Any CPU.ActiveCfg = Debug|Any CPU
		{187F656E-1ED2-460F-BC2E-E430542AEF71}.Debug|Any CPU.Build.0 = Debug|Any CPU
		{187F656E-1ED2-460F-BC2E-E430542AEF71}.Debug|Any CPU.Deploy.0 = Debug|Any CPU
		{187F656E-1ED2-460F-BC2E-E430542AEF71}.Debug|ARM.ActiveCfg = Debug|Any CPU
		{187F656E-1ED2-460F-BC2E-E430542AEF71}.Debug|iPhone.ActiveCfg = Debug|Any CPU
		{187F656E-1ED2-460F-BC2E-E430542AEF71}.Debug|iPhoneSimulator.ActiveCfg = Debug|Any CPU
		{187F656E-1ED2-460F-BC2E-E430542AEF71}.Debug|x64.ActiveCfg = Debug|Any CPU
		{187F656E-1ED2-460F-BC2E-E430542AEF71}.Debug|x86.ActiveCfg = Debug|Any CPU
		{187F656E-1ED2-460F-BC2E-E430542AEF71}.Release|Any CPU.ActiveCfg = Release|Any CPU
		{187F656E-1ED2-460F-BC2E-E430542AEF71}.Release|Any CPU.Build.0 = Release|Any CPU
		{187F656E-1ED2-460F-BC2E-E430542AEF71}.Release|Any CPU.Deploy.0 = Release|Any CPU
		{187F656E-1ED2-460F-BC2E-E430542AEF71}.Release|ARM.ActiveCfg = Release|Any CPU
		{187F656E-1ED2-460F-BC2E-E430542AEF71}.Release|iPhone.ActiveCfg = Release|Any CPU
		{187F656E-1ED2-460F-BC2E-E430542AEF71}.Release|iPhoneSimulator.ActiveCfg = Release|Any CPU
		{187F656E-1ED2-460F-BC2E-E430542AEF71}.Release|x64.ActiveCfg = Release|Any CPU
		{187F656E-1ED2-460F-BC2E-E430542AEF71}.Release|x86.ActiveCfg = Release|Any CPU
		{FED1B577-83E9-446C-9EA8-8FD27404317F}.Debug|Any CPU.ActiveCfg = Debug|Any CPU
		{FED1B577-83E9-446C-9EA8-8FD27404317F}.Debug|Any CPU.Build.0 = Debug|Any CPU
		{FED1B577-83E9-446C-9EA8-8FD27404317F}.Debug|Any CPU.Deploy.0 = Debug|Any CPU
		{FED1B577-83E9-446C-9EA8-8FD27404317F}.Debug|ARM.ActiveCfg = Debug|ARM
		{FED1B577-83E9-446C-9EA8-8FD27404317F}.Debug|ARM.Build.0 = Debug|ARM
		{FED1B577-83E9-446C-9EA8-8FD27404317F}.Debug|ARM.Deploy.0 = Debug|ARM
		{FED1B577-83E9-446C-9EA8-8FD27404317F}.Debug|iPhone.ActiveCfg = Debug|Any CPU
		{FED1B577-83E9-446C-9EA8-8FD27404317F}.Debug|iPhoneSimulator.ActiveCfg = Debug|Any CPU
		{FED1B577-83E9-446C-9EA8-8FD27404317F}.Debug|x64.ActiveCfg = Debug|Any CPU
		{FED1B577-83E9-446C-9EA8-8FD27404317F}.Debug|x86.ActiveCfg = Debug|x86
		{FED1B577-83E9-446C-9EA8-8FD27404317F}.Debug|x86.Build.0 = Debug|x86
		{FED1B577-83E9-446C-9EA8-8FD27404317F}.Debug|x86.Deploy.0 = Debug|x86
		{FED1B577-83E9-446C-9EA8-8FD27404317F}.Release|Any CPU.ActiveCfg = Release|Any CPU
		{FED1B577-83E9-446C-9EA8-8FD27404317F}.Release|Any CPU.Build.0 = Release|Any CPU
		{FED1B577-83E9-446C-9EA8-8FD27404317F}.Release|Any CPU.Deploy.0 = Release|Any CPU
		{FED1B577-83E9-446C-9EA8-8FD27404317F}.Release|ARM.ActiveCfg = Release|ARM
		{FED1B577-83E9-446C-9EA8-8FD27404317F}.Release|ARM.Build.0 = Release|ARM
		{FED1B577-83E9-446C-9EA8-8FD27404317F}.Release|ARM.Deploy.0 = Release|ARM
		{FED1B577-83E9-446C-9EA8-8FD27404317F}.Release|iPhone.ActiveCfg = Release|Any CPU
		{FED1B577-83E9-446C-9EA8-8FD27404317F}.Release|iPhoneSimulator.ActiveCfg = Release|Any CPU
		{FED1B577-83E9-446C-9EA8-8FD27404317F}.Release|x64.ActiveCfg = Release|Any CPU
		{FED1B577-83E9-446C-9EA8-8FD27404317F}.Release|x86.ActiveCfg = Release|x86
		{FED1B577-83E9-446C-9EA8-8FD27404317F}.Release|x86.Build.0 = Release|x86
		{FED1B577-83E9-446C-9EA8-8FD27404317F}.Release|x86.Deploy.0 = Release|x86
		{33ABCB90-E021-4257-82D2-F030462C749C}.Debug|Any CPU.ActiveCfg = Debug|Any CPU
		{33ABCB90-E021-4257-82D2-F030462C749C}.Debug|Any CPU.Build.0 = Debug|Any CPU
		{33ABCB90-E021-4257-82D2-F030462C749C}.Debug|ARM.ActiveCfg = Debug|Any CPU
		{33ABCB90-E021-4257-82D2-F030462C749C}.Debug|iPhone.ActiveCfg = Debug|Any CPU
		{33ABCB90-E021-4257-82D2-F030462C749C}.Debug|iPhoneSimulator.ActiveCfg = Debug|Any CPU
		{33ABCB90-E021-4257-82D2-F030462C749C}.Debug|x64.ActiveCfg = Debug|Any CPU
		{33ABCB90-E021-4257-82D2-F030462C749C}.Debug|x86.ActiveCfg = Debug|Any CPU
		{33ABCB90-E021-4257-82D2-F030462C749C}.Release|Any CPU.ActiveCfg = Release|Any CPU
		{33ABCB90-E021-4257-82D2-F030462C749C}.Release|Any CPU.Build.0 = Release|Any CPU
		{33ABCB90-E021-4257-82D2-F030462C749C}.Release|ARM.ActiveCfg = Release|Any CPU
		{33ABCB90-E021-4257-82D2-F030462C749C}.Release|iPhone.ActiveCfg = Release|Any CPU
		{33ABCB90-E021-4257-82D2-F030462C749C}.Release|iPhoneSimulator.ActiveCfg = Release|Any CPU
		{33ABCB90-E021-4257-82D2-F030462C749C}.Release|x64.ActiveCfg = Release|Any CPU
		{33ABCB90-E021-4257-82D2-F030462C749C}.Release|x86.ActiveCfg = Release|Any CPU
		{10332C36-D054-41CA-8997-DA71A8CBC867}.Debug|Any CPU.ActiveCfg = Debug|Any CPU
		{10332C36-D054-41CA-8997-DA71A8CBC867}.Debug|Any CPU.Build.0 = Debug|Any CPU
		{10332C36-D054-41CA-8997-DA71A8CBC867}.Debug|ARM.ActiveCfg = Debug|Any CPU
		{10332C36-D054-41CA-8997-DA71A8CBC867}.Debug|iPhone.ActiveCfg = Debug|Any CPU
		{10332C36-D054-41CA-8997-DA71A8CBC867}.Debug|iPhoneSimulator.ActiveCfg = Debug|Any CPU
		{10332C36-D054-41CA-8997-DA71A8CBC867}.Debug|x64.ActiveCfg = Debug|Any CPU
		{10332C36-D054-41CA-8997-DA71A8CBC867}.Debug|x86.ActiveCfg = Debug|Any CPU
		{10332C36-D054-41CA-8997-DA71A8CBC867}.Release|Any CPU.ActiveCfg = Release|Any CPU
		{10332C36-D054-41CA-8997-DA71A8CBC867}.Release|Any CPU.Build.0 = Release|Any CPU
		{10332C36-D054-41CA-8997-DA71A8CBC867}.Release|ARM.ActiveCfg = Release|Any CPU
		{10332C36-D054-41CA-8997-DA71A8CBC867}.Release|iPhone.ActiveCfg = Release|Any CPU
		{10332C36-D054-41CA-8997-DA71A8CBC867}.Release|iPhoneSimulator.ActiveCfg = Release|Any CPU
		{10332C36-D054-41CA-8997-DA71A8CBC867}.Release|x64.ActiveCfg = Release|Any CPU
		{10332C36-D054-41CA-8997-DA71A8CBC867}.Release|x86.ActiveCfg = Release|Any CPU
		{B5E1BBA9-1D29-403F-81E7-BA64D2CF2080}.Debug|Any CPU.ActiveCfg = Debug|Any CPU
		{B5E1BBA9-1D29-403F-81E7-BA64D2CF2080}.Debug|Any CPU.Build.0 = Debug|Any CPU
		{B5E1BBA9-1D29-403F-81E7-BA64D2CF2080}.Debug|Any CPU.Deploy.0 = Debug|Any CPU
		{B5E1BBA9-1D29-403F-81E7-BA64D2CF2080}.Debug|ARM.ActiveCfg = Debug|ARM
		{B5E1BBA9-1D29-403F-81E7-BA64D2CF2080}.Debug|ARM.Build.0 = Debug|ARM
		{B5E1BBA9-1D29-403F-81E7-BA64D2CF2080}.Debug|ARM.Deploy.0 = Debug|ARM
		{B5E1BBA9-1D29-403F-81E7-BA64D2CF2080}.Debug|iPhone.ActiveCfg = Debug|Any CPU
		{B5E1BBA9-1D29-403F-81E7-BA64D2CF2080}.Debug|iPhoneSimulator.ActiveCfg = Debug|Any CPU
		{B5E1BBA9-1D29-403F-81E7-BA64D2CF2080}.Debug|x64.ActiveCfg = Debug|Any CPU
		{B5E1BBA9-1D29-403F-81E7-BA64D2CF2080}.Debug|x86.ActiveCfg = Debug|x86
		{B5E1BBA9-1D29-403F-81E7-BA64D2CF2080}.Debug|x86.Build.0 = Debug|x86
		{B5E1BBA9-1D29-403F-81E7-BA64D2CF2080}.Debug|x86.Deploy.0 = Debug|x86
		{B5E1BBA9-1D29-403F-81E7-BA64D2CF2080}.Release|Any CPU.ActiveCfg = Release|Any CPU
		{B5E1BBA9-1D29-403F-81E7-BA64D2CF2080}.Release|Any CPU.Build.0 = Release|Any CPU
		{B5E1BBA9-1D29-403F-81E7-BA64D2CF2080}.Release|Any CPU.Deploy.0 = Release|Any CPU
		{B5E1BBA9-1D29-403F-81E7-BA64D2CF2080}.Release|ARM.ActiveCfg = Release|ARM
		{B5E1BBA9-1D29-403F-81E7-BA64D2CF2080}.Release|ARM.Build.0 = Release|ARM
		{B5E1BBA9-1D29-403F-81E7-BA64D2CF2080}.Release|ARM.Deploy.0 = Release|ARM
		{B5E1BBA9-1D29-403F-81E7-BA64D2CF2080}.Release|iPhone.ActiveCfg = Release|Any CPU
		{B5E1BBA9-1D29-403F-81E7-BA64D2CF2080}.Release|iPhoneSimulator.ActiveCfg = Release|Any CPU
		{B5E1BBA9-1D29-403F-81E7-BA64D2CF2080}.Release|x64.ActiveCfg = Release|Any CPU
		{B5E1BBA9-1D29-403F-81E7-BA64D2CF2080}.Release|x86.ActiveCfg = Release|x86
		{B5E1BBA9-1D29-403F-81E7-BA64D2CF2080}.Release|x86.Build.0 = Release|x86
		{B5E1BBA9-1D29-403F-81E7-BA64D2CF2080}.Release|x86.Deploy.0 = Release|x86
		{77F656B7-B3AD-4D58-8B0E-5A27B264EF0B}.Debug|Any CPU.ActiveCfg = Debug|Any CPU
		{77F656B7-B3AD-4D58-8B0E-5A27B264EF0B}.Debug|Any CPU.Build.0 = Debug|Any CPU
		{77F656B7-B3AD-4D58-8B0E-5A27B264EF0B}.Debug|Any CPU.Deploy.0 = Debug|Any CPU
		{77F656B7-B3AD-4D58-8B0E-5A27B264EF0B}.Debug|ARM.ActiveCfg = Debug|Any CPU
		{77F656B7-B3AD-4D58-8B0E-5A27B264EF0B}.Debug|iPhone.ActiveCfg = Debug|Any CPU
		{77F656B7-B3AD-4D58-8B0E-5A27B264EF0B}.Debug|iPhoneSimulator.ActiveCfg = Debug|Any CPU
		{77F656B7-B3AD-4D58-8B0E-5A27B264EF0B}.Debug|x64.ActiveCfg = Debug|Any CPU
		{77F656B7-B3AD-4D58-8B0E-5A27B264EF0B}.Debug|x86.ActiveCfg = Debug|Any CPU
		{77F656B7-B3AD-4D58-8B0E-5A27B264EF0B}.Release|Any CPU.ActiveCfg = Release|Any CPU
		{77F656B7-B3AD-4D58-8B0E-5A27B264EF0B}.Release|Any CPU.Build.0 = Release|Any CPU
		{77F656B7-B3AD-4D58-8B0E-5A27B264EF0B}.Release|Any CPU.Deploy.0 = Release|Any CPU
		{77F656B7-B3AD-4D58-8B0E-5A27B264EF0B}.Release|ARM.ActiveCfg = Release|Any CPU
		{77F656B7-B3AD-4D58-8B0E-5A27B264EF0B}.Release|iPhone.ActiveCfg = Release|Any CPU
		{77F656B7-B3AD-4D58-8B0E-5A27B264EF0B}.Release|iPhoneSimulator.ActiveCfg = Release|Any CPU
		{77F656B7-B3AD-4D58-8B0E-5A27B264EF0B}.Release|x64.ActiveCfg = Release|Any CPU
		{77F656B7-B3AD-4D58-8B0E-5A27B264EF0B}.Release|x86.ActiveCfg = Release|Any CPU
		{95333CBF-4204-4C44-8BC9-E1BBC048ABE3}.Debug|Any CPU.ActiveCfg = Debug|Any CPU
		{95333CBF-4204-4C44-8BC9-E1BBC048ABE3}.Debug|Any CPU.Build.0 = Debug|Any CPU
		{95333CBF-4204-4C44-8BC9-E1BBC048ABE3}.Debug|Any CPU.Deploy.0 = Debug|Any CPU
		{95333CBF-4204-4C44-8BC9-E1BBC048ABE3}.Debug|ARM.ActiveCfg = Debug|ARM
		{95333CBF-4204-4C44-8BC9-E1BBC048ABE3}.Debug|ARM.Build.0 = Debug|ARM
		{95333CBF-4204-4C44-8BC9-E1BBC048ABE3}.Debug|ARM.Deploy.0 = Debug|ARM
		{95333CBF-4204-4C44-8BC9-E1BBC048ABE3}.Debug|iPhone.ActiveCfg = Debug|Any CPU
		{95333CBF-4204-4C44-8BC9-E1BBC048ABE3}.Debug|iPhoneSimulator.ActiveCfg = Debug|Any CPU
		{95333CBF-4204-4C44-8BC9-E1BBC048ABE3}.Debug|x64.ActiveCfg = Debug|x64
		{95333CBF-4204-4C44-8BC9-E1BBC048ABE3}.Debug|x64.Build.0 = Debug|x64
		{95333CBF-4204-4C44-8BC9-E1BBC048ABE3}.Debug|x64.Deploy.0 = Debug|x64
		{95333CBF-4204-4C44-8BC9-E1BBC048ABE3}.Debug|x86.ActiveCfg = Debug|x86
		{95333CBF-4204-4C44-8BC9-E1BBC048ABE3}.Debug|x86.Build.0 = Debug|x86
		{95333CBF-4204-4C44-8BC9-E1BBC048ABE3}.Debug|x86.Deploy.0 = Debug|x86
		{95333CBF-4204-4C44-8BC9-E1BBC048ABE3}.Release|Any CPU.ActiveCfg = Release|Any CPU
		{95333CBF-4204-4C44-8BC9-E1BBC048ABE3}.Release|Any CPU.Build.0 = Release|Any CPU
		{95333CBF-4204-4C44-8BC9-E1BBC048ABE3}.Release|Any CPU.Deploy.0 = Release|Any CPU
		{95333CBF-4204-4C44-8BC9-E1BBC048ABE3}.Release|ARM.ActiveCfg = Release|ARM
		{95333CBF-4204-4C44-8BC9-E1BBC048ABE3}.Release|ARM.Build.0 = Release|ARM
		{95333CBF-4204-4C44-8BC9-E1BBC048ABE3}.Release|ARM.Deploy.0 = Release|ARM
		{95333CBF-4204-4C44-8BC9-E1BBC048ABE3}.Release|iPhone.ActiveCfg = Release|Any CPU
		{95333CBF-4204-4C44-8BC9-E1BBC048ABE3}.Release|iPhoneSimulator.ActiveCfg = Release|Any CPU
		{95333CBF-4204-4C44-8BC9-E1BBC048ABE3}.Release|x64.ActiveCfg = Release|x64
		{95333CBF-4204-4C44-8BC9-E1BBC048ABE3}.Release|x64.Build.0 = Release|x64
		{95333CBF-4204-4C44-8BC9-E1BBC048ABE3}.Release|x64.Deploy.0 = Release|x64
		{95333CBF-4204-4C44-8BC9-E1BBC048ABE3}.Release|x86.ActiveCfg = Release|x86
		{95333CBF-4204-4C44-8BC9-E1BBC048ABE3}.Release|x86.Build.0 = Release|x86
		{95333CBF-4204-4C44-8BC9-E1BBC048ABE3}.Release|x86.Deploy.0 = Release|x86
		{D65F5075-F383-44AB-B383-4DAE4550C0F3}.Debug|Any CPU.ActiveCfg = Debug|Any CPU
		{D65F5075-F383-44AB-B383-4DAE4550C0F3}.Debug|Any CPU.Build.0 = Debug|Any CPU
		{D65F5075-F383-44AB-B383-4DAE4550C0F3}.Debug|ARM.ActiveCfg = Debug|ARM
		{D65F5075-F383-44AB-B383-4DAE4550C0F3}.Debug|ARM.Build.0 = Debug|ARM
		{D65F5075-F383-44AB-B383-4DAE4550C0F3}.Debug|iPhone.ActiveCfg = Debug|Any CPU
		{D65F5075-F383-44AB-B383-4DAE4550C0F3}.Debug|iPhone.Build.0 = Debug|Any CPU
		{D65F5075-F383-44AB-B383-4DAE4550C0F3}.Debug|iPhoneSimulator.ActiveCfg = Debug|Any CPU
		{D65F5075-F383-44AB-B383-4DAE4550C0F3}.Debug|iPhoneSimulator.Build.0 = Debug|Any CPU
		{D65F5075-F383-44AB-B383-4DAE4550C0F3}.Debug|x64.ActiveCfg = Debug|x64
		{D65F5075-F383-44AB-B383-4DAE4550C0F3}.Debug|x64.Build.0 = Debug|x64
		{D65F5075-F383-44AB-B383-4DAE4550C0F3}.Debug|x86.ActiveCfg = Debug|x86
		{D65F5075-F383-44AB-B383-4DAE4550C0F3}.Debug|x86.Build.0 = Debug|x86
		{D65F5075-F383-44AB-B383-4DAE4550C0F3}.Release|Any CPU.ActiveCfg = Release|Any CPU
		{D65F5075-F383-44AB-B383-4DAE4550C0F3}.Release|Any CPU.Build.0 = Release|Any CPU
		{D65F5075-F383-44AB-B383-4DAE4550C0F3}.Release|ARM.ActiveCfg = Release|ARM
		{D65F5075-F383-44AB-B383-4DAE4550C0F3}.Release|ARM.Build.0 = Release|ARM
		{D65F5075-F383-44AB-B383-4DAE4550C0F3}.Release|iPhone.ActiveCfg = Release|Any CPU
		{D65F5075-F383-44AB-B383-4DAE4550C0F3}.Release|iPhone.Build.0 = Release|Any CPU
		{D65F5075-F383-44AB-B383-4DAE4550C0F3}.Release|iPhoneSimulator.ActiveCfg = Release|Any CPU
		{D65F5075-F383-44AB-B383-4DAE4550C0F3}.Release|iPhoneSimulator.Build.0 = Release|Any CPU
		{D65F5075-F383-44AB-B383-4DAE4550C0F3}.Release|x64.ActiveCfg = Release|x64
		{D65F5075-F383-44AB-B383-4DAE4550C0F3}.Release|x64.Build.0 = Release|x64
		{D65F5075-F383-44AB-B383-4DAE4550C0F3}.Release|x86.ActiveCfg = Release|x86
		{D65F5075-F383-44AB-B383-4DAE4550C0F3}.Release|x86.Build.0 = Release|x86
		{5B52255E-6A08-48E6-B671-36DBBB759404}.Debug|Any CPU.ActiveCfg = Debug|x86
		{5B52255E-6A08-48E6-B671-36DBBB759404}.Debug|Any CPU.Build.0 = Debug|x86
		{5B52255E-6A08-48E6-B671-36DBBB759404}.Debug|Any CPU.Deploy.0 = Debug|x86
		{5B52255E-6A08-48E6-B671-36DBBB759404}.Debug|ARM.ActiveCfg = Debug|ARM
		{5B52255E-6A08-48E6-B671-36DBBB759404}.Debug|ARM.Build.0 = Debug|ARM
		{5B52255E-6A08-48E6-B671-36DBBB759404}.Debug|ARM.Deploy.0 = Debug|ARM
		{5B52255E-6A08-48E6-B671-36DBBB759404}.Debug|iPhone.ActiveCfg = Debug|x86
		{5B52255E-6A08-48E6-B671-36DBBB759404}.Debug|iPhoneSimulator.ActiveCfg = Debug|x86
		{5B52255E-6A08-48E6-B671-36DBBB759404}.Debug|x64.ActiveCfg = Debug|x64
		{5B52255E-6A08-48E6-B671-36DBBB759404}.Debug|x64.Build.0 = Debug|x64
		{5B52255E-6A08-48E6-B671-36DBBB759404}.Debug|x64.Deploy.0 = Debug|x64
		{5B52255E-6A08-48E6-B671-36DBBB759404}.Debug|x86.ActiveCfg = Debug|x86
		{5B52255E-6A08-48E6-B671-36DBBB759404}.Debug|x86.Build.0 = Debug|x86
		{5B52255E-6A08-48E6-B671-36DBBB759404}.Debug|x86.Deploy.0 = Debug|x86
		{5B52255E-6A08-48E6-B671-36DBBB759404}.Release|Any CPU.ActiveCfg = Release|x86
		{5B52255E-6A08-48E6-B671-36DBBB759404}.Release|Any CPU.Build.0 = Release|x86
		{5B52255E-6A08-48E6-B671-36DBBB759404}.Release|Any CPU.Deploy.0 = Release|x86
		{5B52255E-6A08-48E6-B671-36DBBB759404}.Release|ARM.ActiveCfg = Release|ARM
		{5B52255E-6A08-48E6-B671-36DBBB759404}.Release|ARM.Build.0 = Release|ARM
		{5B52255E-6A08-48E6-B671-36DBBB759404}.Release|ARM.Deploy.0 = Release|ARM
		{5B52255E-6A08-48E6-B671-36DBBB759404}.Release|iPhone.ActiveCfg = Release|x86
		{5B52255E-6A08-48E6-B671-36DBBB759404}.Release|iPhoneSimulator.ActiveCfg = Release|x86
		{5B52255E-6A08-48E6-B671-36DBBB759404}.Release|x64.ActiveCfg = Release|x64
		{5B52255E-6A08-48E6-B671-36DBBB759404}.Release|x64.Build.0 = Release|x64
		{5B52255E-6A08-48E6-B671-36DBBB759404}.Release|x64.Deploy.0 = Release|x64
		{5B52255E-6A08-48E6-B671-36DBBB759404}.Release|x86.ActiveCfg = Release|x86
		{5B52255E-6A08-48E6-B671-36DBBB759404}.Release|x86.Build.0 = Release|x86
		{5B52255E-6A08-48E6-B671-36DBBB759404}.Release|x86.Deploy.0 = Release|x86
		{BBA4D7D7-7E41-4796-BC70-DDC13CFCFBC6}.Debug|Any CPU.ActiveCfg = Debug|Any CPU
		{BBA4D7D7-7E41-4796-BC70-DDC13CFCFBC6}.Debug|Any CPU.Build.0 = Debug|Any CPU
		{BBA4D7D7-7E41-4796-BC70-DDC13CFCFBC6}.Debug|ARM.ActiveCfg = Debug|Any CPU
		{BBA4D7D7-7E41-4796-BC70-DDC13CFCFBC6}.Debug|ARM.Build.0 = Debug|Any CPU
		{BBA4D7D7-7E41-4796-BC70-DDC13CFCFBC6}.Debug|iPhone.ActiveCfg = Debug|Any CPU
		{BBA4D7D7-7E41-4796-BC70-DDC13CFCFBC6}.Debug|iPhone.Build.0 = Debug|Any CPU
		{BBA4D7D7-7E41-4796-BC70-DDC13CFCFBC6}.Debug|iPhoneSimulator.ActiveCfg = Debug|Any CPU
		{BBA4D7D7-7E41-4796-BC70-DDC13CFCFBC6}.Debug|iPhoneSimulator.Build.0 = Debug|Any CPU
		{BBA4D7D7-7E41-4796-BC70-DDC13CFCFBC6}.Debug|x64.ActiveCfg = Debug|Any CPU
		{BBA4D7D7-7E41-4796-BC70-DDC13CFCFBC6}.Debug|x64.Build.0 = Debug|Any CPU
		{BBA4D7D7-7E41-4796-BC70-DDC13CFCFBC6}.Debug|x86.ActiveCfg = Debug|Any CPU
		{BBA4D7D7-7E41-4796-BC70-DDC13CFCFBC6}.Debug|x86.Build.0 = Debug|Any CPU
		{BBA4D7D7-7E41-4796-BC70-DDC13CFCFBC6}.Release|Any CPU.ActiveCfg = Release|Any CPU
		{BBA4D7D7-7E41-4796-BC70-DDC13CFCFBC6}.Release|Any CPU.Build.0 = Release|Any CPU
		{BBA4D7D7-7E41-4796-BC70-DDC13CFCFBC6}.Release|ARM.ActiveCfg = Release|Any CPU
		{BBA4D7D7-7E41-4796-BC70-DDC13CFCFBC6}.Release|ARM.Build.0 = Release|Any CPU
		{BBA4D7D7-7E41-4796-BC70-DDC13CFCFBC6}.Release|iPhone.ActiveCfg = Release|Any CPU
		{BBA4D7D7-7E41-4796-BC70-DDC13CFCFBC6}.Release|iPhone.Build.0 = Release|Any CPU
		{BBA4D7D7-7E41-4796-BC70-DDC13CFCFBC6}.Release|iPhoneSimulator.ActiveCfg = Release|Any CPU
		{BBA4D7D7-7E41-4796-BC70-DDC13CFCFBC6}.Release|iPhoneSimulator.Build.0 = Release|Any CPU
		{BBA4D7D7-7E41-4796-BC70-DDC13CFCFBC6}.Release|x64.ActiveCfg = Release|Any CPU
		{BBA4D7D7-7E41-4796-BC70-DDC13CFCFBC6}.Release|x64.Build.0 = Release|Any CPU
		{BBA4D7D7-7E41-4796-BC70-DDC13CFCFBC6}.Release|x86.ActiveCfg = Release|Any CPU
		{BBA4D7D7-7E41-4796-BC70-DDC13CFCFBC6}.Release|x86.Build.0 = Release|Any CPU
		{2E1DC8D2-BFD0-41DE-A24A-78098EFBACD5}.Debug|Any CPU.ActiveCfg = Debug|Any CPU
		{2E1DC8D2-BFD0-41DE-A24A-78098EFBACD5}.Debug|Any CPU.Build.0 = Debug|Any CPU
		{2E1DC8D2-BFD0-41DE-A24A-78098EFBACD5}.Debug|ARM.ActiveCfg = Debug|Any CPU
		{2E1DC8D2-BFD0-41DE-A24A-78098EFBACD5}.Debug|ARM.Build.0 = Debug|Any CPU
		{2E1DC8D2-BFD0-41DE-A24A-78098EFBACD5}.Debug|iPhone.ActiveCfg = Debug|Any CPU
		{2E1DC8D2-BFD0-41DE-A24A-78098EFBACD5}.Debug|iPhone.Build.0 = Debug|Any CPU
		{2E1DC8D2-BFD0-41DE-A24A-78098EFBACD5}.Debug|iPhoneSimulator.ActiveCfg = Debug|Any CPU
		{2E1DC8D2-BFD0-41DE-A24A-78098EFBACD5}.Debug|iPhoneSimulator.Build.0 = Debug|Any CPU
		{2E1DC8D2-BFD0-41DE-A24A-78098EFBACD5}.Debug|x64.ActiveCfg = Debug|Any CPU
		{2E1DC8D2-BFD0-41DE-A24A-78098EFBACD5}.Debug|x64.Build.0 = Debug|Any CPU
		{2E1DC8D2-BFD0-41DE-A24A-78098EFBACD5}.Debug|x86.ActiveCfg = Debug|Any CPU
		{2E1DC8D2-BFD0-41DE-A24A-78098EFBACD5}.Debug|x86.Build.0 = Debug|Any CPU
		{2E1DC8D2-BFD0-41DE-A24A-78098EFBACD5}.Release|Any CPU.ActiveCfg = Release|Any CPU
		{2E1DC8D2-BFD0-41DE-A24A-78098EFBACD5}.Release|Any CPU.Build.0 = Release|Any CPU
		{2E1DC8D2-BFD0-41DE-A24A-78098EFBACD5}.Release|ARM.ActiveCfg = Release|Any CPU
		{2E1DC8D2-BFD0-41DE-A24A-78098EFBACD5}.Release|ARM.Build.0 = Release|Any CPU
		{2E1DC8D2-BFD0-41DE-A24A-78098EFBACD5}.Release|iPhone.ActiveCfg = Release|Any CPU
		{2E1DC8D2-BFD0-41DE-A24A-78098EFBACD5}.Release|iPhone.Build.0 = Release|Any CPU
		{2E1DC8D2-BFD0-41DE-A24A-78098EFBACD5}.Release|iPhoneSimulator.ActiveCfg = Release|Any CPU
		{2E1DC8D2-BFD0-41DE-A24A-78098EFBACD5}.Release|iPhoneSimulator.Build.0 = Release|Any CPU
		{2E1DC8D2-BFD0-41DE-A24A-78098EFBACD5}.Release|x64.ActiveCfg = Release|Any CPU
		{2E1DC8D2-BFD0-41DE-A24A-78098EFBACD5}.Release|x64.Build.0 = Release|Any CPU
		{2E1DC8D2-BFD0-41DE-A24A-78098EFBACD5}.Release|x86.ActiveCfg = Release|Any CPU
		{2E1DC8D2-BFD0-41DE-A24A-78098EFBACD5}.Release|x86.Build.0 = Release|Any CPU
		{95AA5515-F032-4C00-97BB-A2CC9F916EE3}.Debug|Any CPU.ActiveCfg = Debug|Any CPU
		{95AA5515-F032-4C00-97BB-A2CC9F916EE3}.Debug|Any CPU.Build.0 = Debug|Any CPU
		{95AA5515-F032-4C00-97BB-A2CC9F916EE3}.Debug|ARM.ActiveCfg = Debug|Any CPU
		{95AA5515-F032-4C00-97BB-A2CC9F916EE3}.Debug|ARM.Build.0 = Debug|Any CPU
		{95AA5515-F032-4C00-97BB-A2CC9F916EE3}.Debug|iPhone.ActiveCfg = Debug|Any CPU
		{95AA5515-F032-4C00-97BB-A2CC9F916EE3}.Debug|iPhone.Build.0 = Debug|Any CPU
		{95AA5515-F032-4C00-97BB-A2CC9F916EE3}.Debug|iPhoneSimulator.ActiveCfg = Debug|Any CPU
		{95AA5515-F032-4C00-97BB-A2CC9F916EE3}.Debug|iPhoneSimulator.Build.0 = Debug|Any CPU
		{95AA5515-F032-4C00-97BB-A2CC9F916EE3}.Debug|x64.ActiveCfg = Debug|Any CPU
		{95AA5515-F032-4C00-97BB-A2CC9F916EE3}.Debug|x64.Build.0 = Debug|Any CPU
		{95AA5515-F032-4C00-97BB-A2CC9F916EE3}.Debug|x86.ActiveCfg = Debug|Any CPU
		{95AA5515-F032-4C00-97BB-A2CC9F916EE3}.Debug|x86.Build.0 = Debug|Any CPU
		{95AA5515-F032-4C00-97BB-A2CC9F916EE3}.Release|Any CPU.ActiveCfg = Release|Any CPU
		{95AA5515-F032-4C00-97BB-A2CC9F916EE3}.Release|Any CPU.Build.0 = Release|Any CPU
		{95AA5515-F032-4C00-97BB-A2CC9F916EE3}.Release|ARM.ActiveCfg = Release|Any CPU
		{95AA5515-F032-4C00-97BB-A2CC9F916EE3}.Release|ARM.Build.0 = Release|Any CPU
		{95AA5515-F032-4C00-97BB-A2CC9F916EE3}.Release|iPhone.ActiveCfg = Release|Any CPU
		{95AA5515-F032-4C00-97BB-A2CC9F916EE3}.Release|iPhone.Build.0 = Release|Any CPU
		{95AA5515-F032-4C00-97BB-A2CC9F916EE3}.Release|iPhoneSimulator.ActiveCfg = Release|Any CPU
		{95AA5515-F032-4C00-97BB-A2CC9F916EE3}.Release|iPhoneSimulator.Build.0 = Release|Any CPU
		{95AA5515-F032-4C00-97BB-A2CC9F916EE3}.Release|x64.ActiveCfg = Release|Any CPU
		{95AA5515-F032-4C00-97BB-A2CC9F916EE3}.Release|x64.Build.0 = Release|Any CPU
		{95AA5515-F032-4C00-97BB-A2CC9F916EE3}.Release|x86.ActiveCfg = Release|Any CPU
		{95AA5515-F032-4C00-97BB-A2CC9F916EE3}.Release|x86.Build.0 = Release|Any CPU
	EndGlobalSection
	GlobalSection(SolutionProperties) = preSolution
		HideSolutionNode = FALSE
	EndGlobalSection
	GlobalSection(NestedProjects) = preSolution
		{2CF5E868-1098-4C6D-9001-27D8DC0D87BE} = {B5AEA046-0E87-4A7B-8F11-80B6BDDA1F2A}
		{71C449AB-FA2A-4254-B52F-A5EF5F43B813} = {38C5B814-36C7-4DE2-AD3E-C3085A8A1C9F}
		{35B259A8-6FF3-4A82-A94E-D54B5B510E4B} = {38C5B814-36C7-4DE2-AD3E-C3085A8A1C9F}
		{187F656E-1ED2-460F-BC2E-E430542AEF71} = {38C5B814-36C7-4DE2-AD3E-C3085A8A1C9F}
		{FED1B577-83E9-446C-9EA8-8FD27404317F} = {38C5B814-36C7-4DE2-AD3E-C3085A8A1C9F}
		{33ABCB90-E021-4257-82D2-F030462C749C} = {604C015D-F511-4589-89B1-D9CB6C09F074}
		{10332C36-D054-41CA-8997-DA71A8CBC867} = {604C015D-F511-4589-89B1-D9CB6C09F074}
		{B5E1BBA9-1D29-403F-81E7-BA64D2CF2080} = {604C015D-F511-4589-89B1-D9CB6C09F074}
		{77F656B7-B3AD-4D58-8B0E-5A27B264EF0B} = {604C015D-F511-4589-89B1-D9CB6C09F074}
		{95333CBF-4204-4C44-8BC9-E1BBC048ABE3} = {604C015D-F511-4589-89B1-D9CB6C09F074}
		{5B52255E-6A08-48E6-B671-36DBBB759404} = {38C5B814-36C7-4DE2-AD3E-C3085A8A1C9F}
		{2E1DC8D2-BFD0-41DE-A24A-78098EFBACD5} = {38C5B814-36C7-4DE2-AD3E-C3085A8A1C9F}
		{95AA5515-F032-4C00-97BB-A2CC9F916EE3} = {604C015D-F511-4589-89B1-D9CB6C09F074}
	EndGlobalSection
	GlobalSection(ExtensibilityGlobals) = postSolution
		VisualSVNWorkingCopyRoot = .
	EndGlobalSection
EndGlobal
